
Microsoft Visual Studio Solution File, Format Version 12.00
# Visual Studio 15
Project("{FAE04EC0-301F-11D3-BF4B-00C04F79EFBC}") = "Assembly-CSharp", "Assembly-CSharp.csproj", "{E0314A2D-743E-A57C-9649-B3F40011618C}"
EndProject
Global
	GlobalSection(SolutionConfigurationPlatforms) = preSolution
		Debug|Any CPU = Debug|Any CPU
		Release|Any CPU = Release|Any CPU
	EndGlobalSection
	GlobalSection(ProjectConfigurationPlatforms) = postSolution
		{E0314A2D-743E-A57C-9649-B3F40011618C}.Debug|Any CPU.ActiveCfg = Debug|Any CPU
		{E0314A2D-743E-A57C-9649-B3F40011618C}.Debug|Any CPU.Build.0 = Debug|Any CPU
		{E0314A2D-743E-A57C-9649-B3F40011618C}.Release|Any CPU.ActiveCfg = Release|Any CPU
		{E0314A2D-743E-A57C-9649-B3F40011618C}.Release|Any CPU.Build.0 = Release|Any CPU
	EndGlobalSection
	GlobalSection(SolutionProperties) = preSolution
		HideSolutionNode = FALSE
	EndGlobalSection
EndGlobal
